
Microsoft Visual Studio Solution File, Format Version 12.00
# Visual Studio Version 16
VisualStudioVersion = 16.0.32228.343
MinimumVisualStudioVersion = 10.0.40219.1
Project("{FAE04EC0-301F-11D3-BF4B-00C04F79EFBC}") = "HelloService", "HelloService\HelloService.csproj", "{D9E185BA-FAD9-4854-A579-8C176526E053}"
EndProject
Project("{FAE04EC0-301F-11D3-BF4B-00C04F79EFBC}") = "HelloServiceHost", "HelloServiceHost\HelloServiceHost.csproj", "{FB1D94D3-EDF3-451B-AB94-B6D9CF7E39D7}"
EndProject
Global
	GlobalSection(SolutionConfigurationPlatforms) = preSolution
		Debug|Any CPU = Debug|Any CPU
		Release|Any CPU = Release|Any CPU
	EndGlobalSection
	GlobalSection(ProjectConfigurationPlatforms) = postSolution
		{D9E185BA-FAD9-4854-A579-8C176526E053}.Debug|Any CPU.ActiveCfg = Debug|Any CPU
		{D9E185BA-FAD9-4854-A579-8C176526E053}.Debug|Any CPU.Build.0 = Debug|Any CPU
		{D9E185BA-FAD9-4854-A579-8C176526E053}.Release|Any CPU.ActiveCfg = Release|Any CPU
		{D9E185BA-FAD9-4854-A579-8C176526E053}.Release|Any CPU.Build.0 = Release|Any CPU
		{FB1D94D3-EDF3-451B-AB94-B6D9CF7E39D7}.Debug|Any CPU.ActiveCfg = Debug|Any CPU
		{FB1D94D3-EDF3-451B-AB94-B6D9CF7E39D7}.Debug|Any CPU.Build.0 = Debug|Any CPU
		{FB1D94D3-EDF3-451B-AB94-B6D9CF7E39D7}.Release|Any CPU.ActiveCfg = Release|Any CPU
		{FB1D94D3-EDF3-451B-AB94-B6D9CF7E39D7}.Release|Any CPU.Build.0 = Release|Any CPU
	EndGlobalSection
	GlobalSection(SolutionProperties) = preSolution
		HideSolutionNode = FALSE
	EndGlobalSection
	GlobalSection(ExtensibilityGlobals) = postSolution
		SolutionGuid = {61F1F672-0352-4B38-ACFF-CDC95E2EFAF4}
	EndGlobalSection
EndGlobal
